
Microsoft Visual Studio Solution File, Format Version 12.00
# Visual Studio Version 16
VisualStudioVersion = 25.0.1705.0
MinimumVisualStudioVersion = 10.0.40219.1
Project("{FAE04EC0-301F-11D3-BF4B-00C04F79EFBC}") = "02UnderstandingTypes", "02UnderstandingTypes\02UnderstandingTypes.csproj", "{4BB2365A-4963-4749-97BA-F0DB336B1414}"
EndProject
Project("{FAE04EC0-301F-11D3-BF4B-00C04F79EFBC}") = "Exercise03", "Exercise03\Exercise03.csproj", "{F48A5184-A77D-41E7-8053-5202078FE535}"
EndProject
Project("{FAE04EC0-301F-11D3-BF4B-00C04F79EFBC}") = "Arrays_Strings", "Arrays_Strings\Arrays_Strings.csproj", "{0197F1DD-EA20-41C9-B046-5CC3F66656B8}"
EndProject
Project("{FAE04EC0-301F-11D3-BF4B-00C04F79EFBC}") = "OOP", "OOP\OOP.csproj", "{943207F1-B439-4C54-92DA-B73791C45755}"
EndProject
Global
	GlobalSection(SolutionConfigurationPlatforms) = preSolution
		Debug|Any CPU = Debug|Any CPU
		Release|Any CPU = Release|Any CPU
	EndGlobalSection
	GlobalSection(ProjectConfigurationPlatforms) = postSolution
		{4BB2365A-4963-4749-97BA-F0DB336B1414}.Debug|Any CPU.ActiveCfg = Debug|Any CPU
		{4BB2365A-4963-4749-97BA-F0DB336B1414}.Debug|Any CPU.Build.0 = Debug|Any CPU
		{4BB2365A-4963-4749-97BA-F0DB336B1414}.Release|Any CPU.ActiveCfg = Release|Any CPU
		{4BB2365A-4963-4749-97BA-F0DB336B1414}.Release|Any CPU.Build.0 = Release|Any CPU
		{F48A5184-A77D-41E7-8053-5202078FE535}.Debug|Any CPU.ActiveCfg = Debug|Any CPU
		{F48A5184-A77D-41E7-8053-5202078FE535}.Debug|Any CPU.Build.0 = Debug|Any CPU
		{F48A5184-A77D-41E7-8053-5202078FE535}.Release|Any CPU.ActiveCfg = Release|Any CPU
		{F48A5184-A77D-41E7-8053-5202078FE535}.Release|Any CPU.Build.0 = Release|Any CPU
		{0197F1DD-EA20-41C9-B046-5CC3F66656B8}.Debug|Any CPU.ActiveCfg = Debug|Any CPU
		{0197F1DD-EA20-41C9-B046-5CC3F66656B8}.Debug|Any CPU.Build.0 = Debug|Any CPU
		{0197F1DD-EA20-41C9-B046-5CC3F66656B8}.Release|Any CPU.ActiveCfg = Release|Any CPU
		{0197F1DD-EA20-41C9-B046-5CC3F66656B8}.Release|Any CPU.Build.0 = Release|Any CPU
		{943207F1-B439-4C54-92DA-B73791C45755}.Debug|Any CPU.ActiveCfg = Debug|Any CPU
		{943207F1-B439-4C54-92DA-B73791C45755}.Debug|Any CPU.Build.0 = Debug|Any CPU
		{943207F1-B439-4C54-92DA-B73791C45755}.Release|Any CPU.ActiveCfg = Release|Any CPU
		{943207F1-B439-4C54-92DA-B73791C45755}.Release|Any CPU.Build.0 = Release|Any CPU
	EndGlobalSection
	GlobalSection(SolutionProperties) = preSolution
		HideSolutionNode = FALSE
	EndGlobalSection
	GlobalSection(ExtensibilityGlobals) = postSolution
		SolutionGuid = {A19FD236-CE25-4E03-93E8-689467FFA436}
	EndGlobalSection
EndGlobal
